
Microsoft Visual Studio Solution File, Format Version 12.00
# Visual Studio 15
VisualStudioVersion = 15.0.28307.2092
MinimumVisualStudioVersion = 10.0.40219.1
Project("{8BC9CEB8-8B4A-11D0-8D11-00A0C91BC942}") = "VPNBusinessLogic.Shared", "VPNBusinessLogic\VPNBusinessLogic.Shared\VPNBusinessLogic.Shared.vcxitems", "{A284BCDC-8D74-4C1E-9C92-471E4BA90339}"
EndProject
Project("{8BC9CEB8-8B4A-11D0-8D11-00A0C91BC942}") = "VPNBusinessLogic.Android", "VPNBusinessLogic\VPNBusinessLogic.Android\VPNBusinessLogic.Android.vcxproj", "{84ED59A0-33DD-4C46-A42F-EF4ABCF9B3F4}"
EndProject
Project("{8BC9CEB8-8B4A-11D0-8D11-00A0C91BC942}") = "VPNBusinessLogic.iOS", "VPNBusinessLogic\VPNBusinessLogic.iOS\VPNBusinessLogic.iOS.vcxproj", "{36F263CC-D78C-450F-822B-356CB9CB1B08}"
EndProject
Global
	GlobalSection(SharedMSBuildProjectFiles) = preSolution
		VPNBusinessLogic\VPNBusinessLogic.Shared\VPNBusinessLogic.Shared.vcxitems*{36f263cc-d78c-450f-822b-356cb9cb1b08}*SharedItemsImports = 4
		VPNBusinessLogic\VPNBusinessLogic.Shared\VPNBusinessLogic.Shared.vcxitems*{84ed59a0-33dd-4c46-a42f-ef4abcf9b3f4}*SharedItemsImports = 4
		VPNBusinessLogic\VPNBusinessLogic.Shared\VPNBusinessLogic.Shared.vcxitems*{a284bcdc-8d74-4c1e-9c92-471e4ba90339}*SharedItemsImports = 9
	EndGlobalSection
	GlobalSection(SolutionConfigurationPlatforms) = preSolution
		Debug|ARM = Debug|ARM
		Debug|ARM64 = Debug|ARM64
		Debug|x64 = Debug|x64
		Debug|x86 = Debug|x86
		Release|ARM = Release|ARM
		Release|ARM64 = Release|ARM64
		Release|x64 = Release|x64
		Release|x86 = Release|x86
	EndGlobalSection
	GlobalSection(ProjectConfigurationPlatforms) = postSolution
		{84ED59A0-33DD-4C46-A42F-EF4ABCF9B3F4}.Debug|ARM.ActiveCfg = Debug|ARM
		{84ED59A0-33DD-4C46-A42F-EF4ABCF9B3F4}.Debug|ARM.Build.0 = Debug|ARM
		{84ED59A0-33DD-4C46-A42F-EF4ABCF9B3F4}.Debug|ARM64.ActiveCfg = Debug|ARM64
		{84ED59A0-33DD-4C46-A42F-EF4ABCF9B3F4}.Debug|ARM64.Build.0 = Debug|ARM64
		{84ED59A0-33DD-4C46-A42F-EF4ABCF9B3F4}.Debug|x64.ActiveCfg = Debug|x64
		{84ED59A0-33DD-4C46-A42F-EF4ABCF9B3F4}.Debug|x64.Build.0 = Debug|x64
		{84ED59A0-33DD-4C46-A42F-EF4ABCF9B3F4}.Debug|x86.ActiveCfg = Debug|x86
		{84ED59A0-33DD-4C46-A42F-EF4ABCF9B3F4}.Debug|x86.Build.0 = Debug|x86
		{84ED59A0-33DD-4C46-A42F-EF4ABCF9B3F4}.Release|ARM.ActiveCfg = Release|ARM
		{84ED59A0-33DD-4C46-A42F-EF4ABCF9B3F4}.Release|ARM.Build.0 = Release|ARM
		{84ED59A0-33DD-4C46-A42F-EF4ABCF9B3F4}.Release|ARM64.ActiveCfg = Release|ARM64
		{84ED59A0-33DD-4C46-A42F-EF4ABCF9B3F4}.Release|ARM64.Build.0 = Release|ARM64
		{84ED59A0-33DD-4C46-A42F-EF4ABCF9B3F4}.Release|x64.ActiveCfg = Release|x64
		{84ED59A0-33DD-4C46-A42F-EF4ABCF9B3F4}.Release|x64.Build.0 = Release|x64
		{84ED59A0-33DD-4C46-A42F-EF4ABCF9B3F4}.Release|x86.ActiveCfg = Release|x86
		{84ED59A0-33DD-4C46-A42F-EF4ABCF9B3F4}.Release|x86.Build.0 = Release|x86
		{36F263CC-D78C-450F-822B-356CB9CB1B08}.Debug|ARM.ActiveCfg = Debug|ARM
		{36F263CC-D78C-450F-822B-356CB9CB1B08}.Debug|ARM.Build.0 = Debug|ARM
		{36F263CC-D78C-450F-822B-356CB9CB1B08}.Debug|ARM64.ActiveCfg = Debug|ARM64
		{36F263CC-D78C-450F-822B-356CB9CB1B08}.Debug|ARM64.Build.0 = Debug|ARM64
		{36F263CC-D78C-450F-822B-356CB9CB1B08}.Debug|x64.ActiveCfg = Debug|x64
		{36F263CC-D78C-450F-822B-356CB9CB1B08}.Debug|x64.Build.0 = Debug|x64
		{36F263CC-D78C-450F-822B-356CB9CB1B08}.Debug|x86.ActiveCfg = Debug|x86
		{36F263CC-D78C-450F-822B-356CB9CB1B08}.Debug|x86.Build.0 = Debug|x86
		{36F263CC-D78C-450F-822B-356CB9CB1B08}.Release|ARM.ActiveCfg = Release|ARM
		{36F263CC-D78C-450F-822B-356CB9CB1B08}.Release|ARM.Build.0 = Release|ARM
		{36F263CC-D78C-450F-822B-356CB9CB1B08}.Release|ARM64.ActiveCfg = Release|ARM64
		{36F263CC-D78C-450F-822B-356CB9CB1B08}.Release|ARM64.Build.0 = Release|ARM64
		{36F263CC-D78C-450F-822B-356CB9CB1B08}.Release|x64.ActiveCfg = Release|x64
		{36F263CC-D78C-450F-822B-356CB9CB1B08}.Release|x64.Build.0 = Release|x64
		{36F263CC-D78C-450F-822B-356CB9CB1B08}.Release|x86.ActiveCfg = Release|x86
		{36F263CC-D78C-450F-822B-356CB9CB1B08}.Release|x86.Build.0 = Release|x86
	EndGlobalSection
	GlobalSection(SolutionProperties) = preSolution
		HideSolutionNode = FALSE
	EndGlobalSection
	GlobalSection(ExtensibilityGlobals) = postSolution
		SolutionGuid = {9C97F6E4-906B-4F23-9BCE-19B86E65BEA7}
	EndGlobalSection
EndGlobal
